{
  "object": {
    "pins": [
      {
        "package": "UIKitOptions",
        "repositoryURL": "https://github.com/ipedro/UIKitOptions.git",
        "state": {
          "branch": null,
          "revision": "883bb3b111ccc4016d7795d4c0449d8cfcbfb337",
          "version": "0.1.3"
        }
      }
    ]
  },
  "version": 1
}
