{
  "object": {
    "pins": [
      {
        "package": "UIKitOptions",
        "repositoryURL": "https://github.com/ipedro/UIKitOptions.git",
        "state": {
          "branch": null,
          "revision": "581b7488405aad28152eda6b16a4e638b0fe058d",
          "version": "0.2.4"
        }
      }
    ]
  },
  "version": 1
}
