{
  "object": {
    "pins": [
      {
        "package": "UIKitOptions",
        "repositoryURL": "https://github.com/ipedro/UIKitOptions.git",
        "state": {
          "branch": null,
          "revision": "745d2e98726c4af35c8a11ed8a1268856b0575a5",
          "version": "0.2.25"
        }
      }
    ]
  },
  "version": 1
}
